{
  "version": "3",
  "packages": {
    "specifiers": {
      "jsr:@okikio/transferables@^1.0.2": "jsr:@okikio/transferables@1.0.2",
      "jsr:@std/assert@0.217": "jsr:@std/assert@0.217.0",
      "jsr:@std/fmt@^0.217.0": "jsr:@std/fmt@0.217.0",
      "npm:@types/node": "npm:@types/node@18.16.19"
    },
    "jsr": {
      "@okikio/transferables@1.0.2": {
        "integrity": "46a80015a1c4672b0b246e38838b3ea1e2edc6c775a235184a2f8eb49a8314f7"
      },
      "@std/assert@0.217.0": {
        "integrity": "c98e279362ca6982d5285c3b89517b757c1e3477ee9f14eb2fdf80a45aaa9642",
        "dependencies": [
          "jsr:@std/fmt@^0.217.0"
        ]
      },
      "@std/fmt@0.217.0": {
        "integrity": "cb99f82500b8da20202fedfa8bb94dd0222e81f0494ed9087de20ee3d8a39a8d"
      }
    },
    "npm": {
      "@types/node@18.16.19": {
        "integrity": "sha512-IXl7o+R9iti9eBW4Wg2hx1xQDig183jj7YLn8F7udNceyfkbn1ZxmzZXuak20gR40D7pIkIY1kYGx5VIGbaHKA==",
        "dependencies": {}
      }
    }
  },
  "remote": {},
  "workspace": {
    "dependencies": [
      "jsr:@okikio/transferables@^1.0.2",
      "jsr:@std/assert@0.217"
    ]
  }
}
